
Microsoft Visual Studio Solution File, Format Version 12.00
# Visual Studio Version 16
VisualStudioVersion = 16.0.30225.117
MinimumVisualStudioVersion = 10.0.40219.1
Project("{FAE04EC0-301F-11D3-BF4B-00C04F79EFBC}") = "OddOrEven", "OddOrEven.csproj", "{189A6BFE-991C-4B59-943A-65DEF9BEE90B}"
EndProject
Global
	GlobalSection(SolutionConfigurationPlatforms) = preSolution
		Debug|Any CPU = Debug|Any CPU
		Release|Any CPU = Release|Any CPU
	EndGlobalSection
	GlobalSection(ProjectConfigurationPlatforms) = postSolution
		{189A6BFE-991C-4B59-943A-65DEF9BEE90B}.Debug|Any CPU.ActiveCfg = Debug|Any CPU
		{189A6BFE-991C-4B59-943A-65DEF9BEE90B}.Debug|Any CPU.Build.0 = Debug|Any CPU
		{189A6BFE-991C-4B59-943A-65DEF9BEE90B}.Release|Any CPU.ActiveCfg = Release|Any CPU
		{189A6BFE-991C-4B59-943A-65DEF9BEE90B}.Release|Any CPU.Build.0 = Release|Any CPU
	EndGlobalSection
	GlobalSection(SolutionProperties) = preSolution
		HideSolutionNode = FALSE
	EndGlobalSection
	GlobalSection(ExtensibilityGlobals) = postSolution
		SolutionGuid = {0A57A090-1C49-401A-9F2B-C694B3E5BEB9}
	EndGlobalSection
EndGlobal
