
Microsoft Visual Studio Solution File, Format Version 12.00
# Visual Studio Version 16
VisualStudioVersion = 16.0.30309.148
MinimumVisualStudioVersion = 10.0.40219.1
Project("{FAE04EC0-301F-11D3-BF4B-00C04F79EFBC}") = "ListComprehension", "ListComprehension.csproj", "{32176271-70C9-470C-835E-BC356414807F}"
EndProject
Global
	GlobalSection(SolutionConfigurationPlatforms) = preSolution
		Debug|Any CPU = Debug|Any CPU
		Release|Any CPU = Release|Any CPU
	EndGlobalSection
	GlobalSection(ProjectConfigurationPlatforms) = postSolution
		{32176271-70C9-470C-835E-BC356414807F}.Debug|Any CPU.ActiveCfg = Debug|Any CPU
		{32176271-70C9-470C-835E-BC356414807F}.Debug|Any CPU.Build.0 = Debug|Any CPU
		{32176271-70C9-470C-835E-BC356414807F}.Release|Any CPU.ActiveCfg = Release|Any CPU
		{32176271-70C9-470C-835E-BC356414807F}.Release|Any CPU.Build.0 = Release|Any CPU
	EndGlobalSection
	GlobalSection(SolutionProperties) = preSolution
		HideSolutionNode = FALSE
	EndGlobalSection
	GlobalSection(ExtensibilityGlobals) = postSolution
		SolutionGuid = {AB7C60A6-BAC3-40BF-8B25-17D80B95E950}
	EndGlobalSection
EndGlobal
