
Microsoft Visual Studio Solution File, Format Version 12.00
# Visual Studio Version 16
VisualStudioVersion = 16.0.30309.148
MinimumVisualStudioVersion = 10.0.40219.1
Project("{FAE04EC0-301F-11D3-BF4B-00C04F79EFBC}") = "15_ReverseWordOrder", "15_ReverseWordOrder.csproj", "{007318BD-10A2-48EA-8AC2-0C3BE718A9BB}"
EndProject
Global
	GlobalSection(SolutionConfigurationPlatforms) = preSolution
		Debug|Any CPU = Debug|Any CPU
		Release|Any CPU = Release|Any CPU
	EndGlobalSection
	GlobalSection(ProjectConfigurationPlatforms) = postSolution
		{007318BD-10A2-48EA-8AC2-0C3BE718A9BB}.Debug|Any CPU.ActiveCfg = Debug|Any CPU
		{007318BD-10A2-48EA-8AC2-0C3BE718A9BB}.Debug|Any CPU.Build.0 = Debug|Any CPU
		{007318BD-10A2-48EA-8AC2-0C3BE718A9BB}.Release|Any CPU.ActiveCfg = Release|Any CPU
		{007318BD-10A2-48EA-8AC2-0C3BE718A9BB}.Release|Any CPU.Build.0 = Release|Any CPU
	EndGlobalSection
	GlobalSection(SolutionProperties) = preSolution
		HideSolutionNode = FALSE
	EndGlobalSection
	GlobalSection(ExtensibilityGlobals) = postSolution
		SolutionGuid = {764B0356-6E2C-45EA-A660-FFC1A641A021}
	EndGlobalSection
EndGlobal
