
Microsoft Visual Studio Solution File, Format Version 12.00
# Visual Studio Version 16
VisualStudioVersion = 16.0.30309.148
MinimumVisualStudioVersion = 10.0.40219.1
Project("{FAE04EC0-301F-11D3-BF4B-00C04F79EFBC}") = "Fibonacci", "Fibonacci.csproj", "{95879642-8A7A-4C9E-AF0D-F13078809C78}"
EndProject
Global
	GlobalSection(SolutionConfigurationPlatforms) = preSolution
		Debug|Any CPU = Debug|Any CPU
		Release|Any CPU = Release|Any CPU
	EndGlobalSection
	GlobalSection(ProjectConfigurationPlatforms) = postSolution
		{95879642-8A7A-4C9E-AF0D-F13078809C78}.Debug|Any CPU.ActiveCfg = Debug|Any CPU
		{95879642-8A7A-4C9E-AF0D-F13078809C78}.Debug|Any CPU.Build.0 = Debug|Any CPU
		{95879642-8A7A-4C9E-AF0D-F13078809C78}.Release|Any CPU.ActiveCfg = Release|Any CPU
		{95879642-8A7A-4C9E-AF0D-F13078809C78}.Release|Any CPU.Build.0 = Release|Any CPU
	EndGlobalSection
	GlobalSection(SolutionProperties) = preSolution
		HideSolutionNode = FALSE
	EndGlobalSection
	GlobalSection(ExtensibilityGlobals) = postSolution
		SolutionGuid = {095661B5-F023-4FB4-A0B6-03BE49F8333A}
	EndGlobalSection
EndGlobal
